
Microsoft Visual Studio Solution File, Format Version 12.00
# Visual Studio Version 17
VisualStudioVersion = 17.14.36429.23
MinimumVisualStudioVersion = 10.0.40219.1
Project("{FAE04EC0-301F-11D3-BF4B-00C04F79EFBC}") = "Web_KvizHub", "Web_KvizHub\Web_KvizHub.csproj", "{3C646560-FD89-4B89-8FBE-7A9DEE36DB31}"
EndProject
Project("{FAE04EC0-301F-11D3-BF4B-00C04F79EFBC}") = "KvizHub.Core", "KvizHub.Core\KvizHub.Core.csproj", "{26403B3C-2D1F-4152-817E-E17AF263BDB0}"
EndProject
Project("{FAE04EC0-301F-11D3-BF4B-00C04F79EFBC}") = "KvizHub.Infrastructure", "KvizHub.Infrastructure\KvizHub.Infrastructure.csproj", "{D3E18C98-A870-4B24-BBF4-96B81915FFAC}"
EndProject
Project("{FAE04EC0-301F-11D3-BF4B-00C04F79EFBC}") = "KvizHub.Models", "KvizHub.Models\KvizHub.Models.csproj", "{A0B9FD70-FAB4-4FDF-B7D1-9669648F554E}"
EndProject
Global
	GlobalSection(SolutionConfigurationPlatforms) = preSolution
		Debug|Any CPU = Debug|Any CPU
		Release|Any CPU = Release|Any CPU
	EndGlobalSection
	GlobalSection(ProjectConfigurationPlatforms) = postSolution
		{3C646560-FD89-4B89-8FBE-7A9DEE36DB31}.Debug|Any CPU.ActiveCfg = Debug|Any CPU
		{3C646560-FD89-4B89-8FBE-7A9DEE36DB31}.Debug|Any CPU.Build.0 = Debug|Any CPU
		{3C646560-FD89-4B89-8FBE-7A9DEE36DB31}.Release|Any CPU.ActiveCfg = Release|Any CPU
		{3C646560-FD89-4B89-8FBE-7A9DEE36DB31}.Release|Any CPU.Build.0 = Release|Any CPU
		{26403B3C-2D1F-4152-817E-E17AF263BDB0}.Debug|Any CPU.ActiveCfg = Debug|Any CPU
		{26403B3C-2D1F-4152-817E-E17AF263BDB0}.Debug|Any CPU.Build.0 = Debug|Any CPU
		{26403B3C-2D1F-4152-817E-E17AF263BDB0}.Release|Any CPU.ActiveCfg = Release|Any CPU
		{26403B3C-2D1F-4152-817E-E17AF263BDB0}.Release|Any CPU.Build.0 = Release|Any CPU
		{D3E18C98-A870-4B24-BBF4-96B81915FFAC}.Debug|Any CPU.ActiveCfg = Debug|Any CPU
		{D3E18C98-A870-4B24-BBF4-96B81915FFAC}.Debug|Any CPU.Build.0 = Debug|Any CPU
		{D3E18C98-A870-4B24-BBF4-96B81915FFAC}.Release|Any CPU.ActiveCfg = Release|Any CPU
		{D3E18C98-A870-4B24-BBF4-96B81915FFAC}.Release|Any CPU.Build.0 = Release|Any CPU
		{A0B9FD70-FAB4-4FDF-B7D1-9669648F554E}.Debug|Any CPU.ActiveCfg = Debug|Any CPU
		{A0B9FD70-FAB4-4FDF-B7D1-9669648F554E}.Debug|Any CPU.Build.0 = Debug|Any CPU
		{A0B9FD70-FAB4-4FDF-B7D1-9669648F554E}.Release|Any CPU.ActiveCfg = Release|Any CPU
		{A0B9FD70-FAB4-4FDF-B7D1-9669648F554E}.Release|Any CPU.Build.0 = Release|Any CPU
	EndGlobalSection
	GlobalSection(SolutionProperties) = preSolution
		HideSolutionNode = FALSE
	EndGlobalSection
	GlobalSection(ExtensibilityGlobals) = postSolution
		SolutionGuid = {B974C344-8F51-475C-BA79-4483649E334F}
	EndGlobalSection
EndGlobal
