
Microsoft Visual Studio Solution File, Format Version 12.00
# Visual Studio Version 17
VisualStudioVersion = 17.14.36429.23 d17.14
MinimumVisualStudioVersion = 10.0.40219.1
Project("{FAE04EC0-301F-11D3-BF4B-00C04F79EFBC}") = "Web_KvizHub", "Web_KvizHub\Web_KvizHub.csproj", "{3C646560-FD89-4B89-8FBE-7A9DEE36DB31}"
EndProject
Global
	GlobalSection(SolutionConfigurationPlatforms) = preSolution
		Debug|Any CPU = Debug|Any CPU
		Release|Any CPU = Release|Any CPU
	EndGlobalSection
	GlobalSection(ProjectConfigurationPlatforms) = postSolution
		{3C646560-FD89-4B89-8FBE-7A9DEE36DB31}.Debug|Any CPU.ActiveCfg = Debug|Any CPU
		{3C646560-FD89-4B89-8FBE-7A9DEE36DB31}.Debug|Any CPU.Build.0 = Debug|Any CPU
		{3C646560-FD89-4B89-8FBE-7A9DEE36DB31}.Release|Any CPU.ActiveCfg = Release|Any CPU
		{3C646560-FD89-4B89-8FBE-7A9DEE36DB31}.Release|Any CPU.Build.0 = Release|Any CPU
	EndGlobalSection
	GlobalSection(SolutionProperties) = preSolution
		HideSolutionNode = FALSE
	EndGlobalSection
	GlobalSection(ExtensibilityGlobals) = postSolution
		SolutionGuid = {B974C344-8F51-475C-BA79-4483649E334F}
	EndGlobalSection
EndGlobal
